
Microsoft Visual Studio Solution File, Format Version 12.00
# Visual Studio Version 16
VisualStudioVersion = 16.0.29509.3
MinimumVisualStudioVersion = 10.0.40219.1
Project("{9A19103F-16F7-4668-BE54-9A1E7A4F7556}") = "BLL", "BLL\BLL.csproj", "{4ED8450B-370C-4D69-B7F1-33250B757884}"
EndProject
Project("{9A19103F-16F7-4668-BE54-9A1E7A4F7556}") = "ConsoleApp1", "ConsoleApp1\ConsoleApp1.csproj", "{4914638C-1298-490D-A4E6-E2277CCC616C}"
EndProject
Project("{9A19103F-16F7-4668-BE54-9A1E7A4F7556}") = "PL", "PL\PL.csproj", "{2B62F3C8-AAF8-41EF-8088-9597327FE68C}"
EndProject
Project("{9A19103F-16F7-4668-BE54-9A1E7A4F7556}") = "WebAPI", "WebAPI\WebAPI.csproj", "{422E29AE-5087-4627-A601-7050EF8485A0}"
EndProject
Project("{9A19103F-16F7-4668-BE54-9A1E7A4F7556}") = "DAL", "DAL13\DAL.csproj", "{B1D36239-8A4C-4E30-8896-BECDFA941256}"
EndProject
Global
	GlobalSection(SolutionConfigurationPlatforms) = preSolution
		Debug|Any CPU = Debug|Any CPU
		Release|Any CPU = Release|Any CPU
	EndGlobalSection
	GlobalSection(ProjectConfigurationPlatforms) = postSolution
		{4ED8450B-370C-4D69-B7F1-33250B757884}.Debug|Any CPU.ActiveCfg = Debug|Any CPU
		{4ED8450B-370C-4D69-B7F1-33250B757884}.Debug|Any CPU.Build.0 = Debug|Any CPU
		{4ED8450B-370C-4D69-B7F1-33250B757884}.Release|Any CPU.ActiveCfg = Release|Any CPU
		{4ED8450B-370C-4D69-B7F1-33250B757884}.Release|Any CPU.Build.0 = Release|Any CPU
		{4914638C-1298-490D-A4E6-E2277CCC616C}.Debug|Any CPU.ActiveCfg = Debug|Any CPU
		{4914638C-1298-490D-A4E6-E2277CCC616C}.Debug|Any CPU.Build.0 = Debug|Any CPU
		{4914638C-1298-490D-A4E6-E2277CCC616C}.Release|Any CPU.ActiveCfg = Release|Any CPU
		{4914638C-1298-490D-A4E6-E2277CCC616C}.Release|Any CPU.Build.0 = Release|Any CPU
		{2B62F3C8-AAF8-41EF-8088-9597327FE68C}.Debug|Any CPU.ActiveCfg = Debug|Any CPU
		{2B62F3C8-AAF8-41EF-8088-9597327FE68C}.Debug|Any CPU.Build.0 = Debug|Any CPU
		{2B62F3C8-AAF8-41EF-8088-9597327FE68C}.Release|Any CPU.ActiveCfg = Release|Any CPU
		{2B62F3C8-AAF8-41EF-8088-9597327FE68C}.Release|Any CPU.Build.0 = Release|Any CPU
		{422E29AE-5087-4627-A601-7050EF8485A0}.Debug|Any CPU.ActiveCfg = Debug|Any CPU
		{422E29AE-5087-4627-A601-7050EF8485A0}.Debug|Any CPU.Build.0 = Debug|Any CPU
		{422E29AE-5087-4627-A601-7050EF8485A0}.Release|Any CPU.ActiveCfg = Release|Any CPU
		{422E29AE-5087-4627-A601-7050EF8485A0}.Release|Any CPU.Build.0 = Release|Any CPU
		{B1D36239-8A4C-4E30-8896-BECDFA941256}.Debug|Any CPU.ActiveCfg = Debug|Any CPU
		{B1D36239-8A4C-4E30-8896-BECDFA941256}.Debug|Any CPU.Build.0 = Debug|Any CPU
		{B1D36239-8A4C-4E30-8896-BECDFA941256}.Release|Any CPU.ActiveCfg = Release|Any CPU
		{B1D36239-8A4C-4E30-8896-BECDFA941256}.Release|Any CPU.Build.0 = Release|Any CPU
	EndGlobalSection
	GlobalSection(SolutionProperties) = preSolution
		HideSolutionNode = FALSE
	EndGlobalSection
	GlobalSection(ExtensibilityGlobals) = postSolution
		SolutionGuid = {E287FA07-6FD1-41FA-A4EC-BBB04DD5FC96}
	EndGlobalSection
EndGlobal
