
Microsoft Visual Studio Solution File, Format Version 12.00
# Visual Studio Version 16
VisualStudioVersion = 16.0.29509.3
MinimumVisualStudioVersion = 10.0.40219.1
Project("{9A19103F-16F7-4668-BE54-9A1E7A4F7556}") = "BLL", "BLL\BLL.csproj", "{4ED8450B-370C-4D69-B7F1-33250B757884}"
EndProject
Project("{9A19103F-16F7-4668-BE54-9A1E7A4F7556}") = "DAL", "DAL\DAL.csproj", "{F5D38AE0-B816-4F05-BC80-323CA43637B8}"
EndProject
Project("{9A19103F-16F7-4668-BE54-9A1E7A4F7556}") = "WebAPI", "WebAPI\WebAPI.csproj", "{454E83A2-0342-487A-9C74-9C19BE5726CF}"
EndProject
Global
	GlobalSection(SolutionConfigurationPlatforms) = preSolution
		Debug|Any CPU = Debug|Any CPU
		Release|Any CPU = Release|Any CPU
	EndGlobalSection
	GlobalSection(ProjectConfigurationPlatforms) = postSolution
		{4ED8450B-370C-4D69-B7F1-33250B757884}.Debug|Any CPU.ActiveCfg = Debug|Any CPU
		{4ED8450B-370C-4D69-B7F1-33250B757884}.Debug|Any CPU.Build.0 = Debug|Any CPU
		{4ED8450B-370C-4D69-B7F1-33250B757884}.Release|Any CPU.ActiveCfg = Release|Any CPU
		{4ED8450B-370C-4D69-B7F1-33250B757884}.Release|Any CPU.Build.0 = Release|Any CPU
		{F5D38AE0-B816-4F05-BC80-323CA43637B8}.Debug|Any CPU.ActiveCfg = Debug|Any CPU
		{F5D38AE0-B816-4F05-BC80-323CA43637B8}.Debug|Any CPU.Build.0 = Debug|Any CPU
		{F5D38AE0-B816-4F05-BC80-323CA43637B8}.Release|Any CPU.ActiveCfg = Release|Any CPU
		{F5D38AE0-B816-4F05-BC80-323CA43637B8}.Release|Any CPU.Build.0 = Release|Any CPU
		{454E83A2-0342-487A-9C74-9C19BE5726CF}.Debug|Any CPU.ActiveCfg = Debug|Any CPU
		{454E83A2-0342-487A-9C74-9C19BE5726CF}.Debug|Any CPU.Build.0 = Debug|Any CPU
		{454E83A2-0342-487A-9C74-9C19BE5726CF}.Release|Any CPU.ActiveCfg = Release|Any CPU
		{454E83A2-0342-487A-9C74-9C19BE5726CF}.Release|Any CPU.Build.0 = Release|Any CPU
	EndGlobalSection
	GlobalSection(SolutionProperties) = preSolution
		HideSolutionNode = FALSE
	EndGlobalSection
	GlobalSection(ExtensibilityGlobals) = postSolution
		SolutionGuid = {E287FA07-6FD1-41FA-A4EC-BBB04DD5FC96}
	EndGlobalSection
EndGlobal
